
Microsoft Visual Studio Solution File, Format Version 12.00
# Visual Studio Version 16
VisualStudioVersion = 16.0.31005.135
MinimumVisualStudioVersion = 10.0.40219.1
Project("{FAE04EC0-301F-11D3-BF4B-00C04F79EFBC}") = "metodo-de-muller", "metodo-de-muller.csproj", "{B4692D01-F93C-459E-A804-37C447AAB417}"
EndProject
Global
	GlobalSection(SolutionConfigurationPlatforms) = preSolution
		Debug|Any CPU = Debug|Any CPU
		Release|Any CPU = Release|Any CPU
	EndGlobalSection
	GlobalSection(ProjectConfigurationPlatforms) = postSolution
		{B4692D01-F93C-459E-A804-37C447AAB417}.Debug|Any CPU.ActiveCfg = Debug|Any CPU
		{B4692D01-F93C-459E-A804-37C447AAB417}.Debug|Any CPU.Build.0 = Debug|Any CPU
		{B4692D01-F93C-459E-A804-37C447AAB417}.Release|Any CPU.ActiveCfg = Release|Any CPU
		{B4692D01-F93C-459E-A804-37C447AAB417}.Release|Any CPU.Build.0 = Release|Any CPU
	EndGlobalSection
	GlobalSection(SolutionProperties) = preSolution
		HideSolutionNode = FALSE
	EndGlobalSection
	GlobalSection(ExtensibilityGlobals) = postSolution
		SolutionGuid = {5DC424DB-A7FD-4719-A79C-75862437CD72}
	EndGlobalSection
EndGlobal
